
Microsoft Visual Studio Solution File, Format Version 12.00
# Visual Studio Version 17
VisualStudioVersion = 17.1.32421.90
MinimumVisualStudioVersion = 10.0.40219.1
Project("{FAE04EC0-301F-11D3-BF4B-00C04F79EFBC}") = "PhoneLog", "PhoneLog.csproj", "{9004EB66-E540-4FC8-ADBB-C7184C8EDF90}"
EndProject
Project("{FAE04EC0-301F-11D3-BF4B-00C04F79EFBC}") = "PhoneLog.Tests", "..\PhoneLog.Tests\PhoneLog.Tests.csproj", "{400D8F3C-B58B-4B9E-B5F2-B03C7EAB25F5}"
EndProject
Global
	GlobalSection(SolutionConfigurationPlatforms) = preSolution
		Debug|Any CPU = Debug|Any CPU
		Release|Any CPU = Release|Any CPU
	EndGlobalSection
	GlobalSection(ProjectConfigurationPlatforms) = postSolution
		{9004EB66-E540-4FC8-ADBB-C7184C8EDF90}.Debug|Any CPU.ActiveCfg = Debug|Any CPU
		{9004EB66-E540-4FC8-ADBB-C7184C8EDF90}.Debug|Any CPU.Build.0 = Debug|Any CPU
		{9004EB66-E540-4FC8-ADBB-C7184C8EDF90}.Release|Any CPU.ActiveCfg = Release|Any CPU
		{9004EB66-E540-4FC8-ADBB-C7184C8EDF90}.Release|Any CPU.Build.0 = Release|Any CPU
		{400D8F3C-B58B-4B9E-B5F2-B03C7EAB25F5}.Debug|Any CPU.ActiveCfg = Debug|Any CPU
		{400D8F3C-B58B-4B9E-B5F2-B03C7EAB25F5}.Debug|Any CPU.Build.0 = Debug|Any CPU
		{400D8F3C-B58B-4B9E-B5F2-B03C7EAB25F5}.Release|Any CPU.ActiveCfg = Release|Any CPU
		{400D8F3C-B58B-4B9E-B5F2-B03C7EAB25F5}.Release|Any CPU.Build.0 = Release|Any CPU
	EndGlobalSection
	GlobalSection(SolutionProperties) = preSolution
		HideSolutionNode = FALSE
	EndGlobalSection
	GlobalSection(ExtensibilityGlobals) = postSolution
		SolutionGuid = {0E958CD3-044B-4D7D-8226-4B4AEE216DD9}
	EndGlobalSection
EndGlobal
